
Microsoft Visual Studio Solution File, Format Version 12.00
# Visual Studio Version 17
VisualStudioVersion = 17.14.36429.23 d17.14
MinimumVisualStudioVersion = 10.0.40219.1
Project("{FAE04EC0-301F-11D3-BF4B-00C04F79EFBC}") = "Evaluacion.Api", "Evaluacion.Api\Evaluacion.Api.csproj", "{9FE06FC8-296A-42B2-86F7-0B288892C62D}"
EndProject
Project("{FAE04EC0-301F-11D3-BF4B-00C04F79EFBC}") = "Evaluacion.Application", "Evaluacion.Application\Evaluacion.Application.csproj", "{7E9C3AB9-27A9-4E26-9787-00BDE6E74419}"
EndProject
Project("{FAE04EC0-301F-11D3-BF4B-00C04F79EFBC}") = "Evaluacion.Domain", "Evaluacion.Domain\Evaluacion.Domain.csproj", "{7A9492FB-393F-49BB-B789-53FA63BC5FE3}"
EndProject
Project("{FAE04EC0-301F-11D3-BF4B-00C04F79EFBC}") = "Evaluacion.Infrastructure", "Evaluacion.Infrastructure\Evaluacion.Infrastructure.csproj", "{D4D6E30D-A477-413A-A242-8C9D97FC5CE5}"
EndProject
Global
	GlobalSection(SolutionConfigurationPlatforms) = preSolution
		Debug|Any CPU = Debug|Any CPU
		Release|Any CPU = Release|Any CPU
	EndGlobalSection
	GlobalSection(ProjectConfigurationPlatforms) = postSolution
		{9FE06FC8-296A-42B2-86F7-0B288892C62D}.Debug|Any CPU.ActiveCfg = Debug|Any CPU
		{9FE06FC8-296A-42B2-86F7-0B288892C62D}.Debug|Any CPU.Build.0 = Debug|Any CPU
		{9FE06FC8-296A-42B2-86F7-0B288892C62D}.Release|Any CPU.ActiveCfg = Release|Any CPU
		{9FE06FC8-296A-42B2-86F7-0B288892C62D}.Release|Any CPU.Build.0 = Release|Any CPU
		{7E9C3AB9-27A9-4E26-9787-00BDE6E74419}.Debug|Any CPU.ActiveCfg = Debug|Any CPU
		{7E9C3AB9-27A9-4E26-9787-00BDE6E74419}.Debug|Any CPU.Build.0 = Debug|Any CPU
		{7E9C3AB9-27A9-4E26-9787-00BDE6E74419}.Release|Any CPU.ActiveCfg = Release|Any CPU
		{7E9C3AB9-27A9-4E26-9787-00BDE6E74419}.Release|Any CPU.Build.0 = Release|Any CPU
		{7A9492FB-393F-49BB-B789-53FA63BC5FE3}.Debug|Any CPU.ActiveCfg = Debug|Any CPU
		{7A9492FB-393F-49BB-B789-53FA63BC5FE3}.Debug|Any CPU.Build.0 = Debug|Any CPU
		{7A9492FB-393F-49BB-B789-53FA63BC5FE3}.Release|Any CPU.ActiveCfg = Release|Any CPU
		{7A9492FB-393F-49BB-B789-53FA63BC5FE3}.Release|Any CPU.Build.0 = Release|Any CPU
		{D4D6E30D-A477-413A-A242-8C9D97FC5CE5}.Debug|Any CPU.ActiveCfg = Debug|Any CPU
		{D4D6E30D-A477-413A-A242-8C9D97FC5CE5}.Debug|Any CPU.Build.0 = Debug|Any CPU
		{D4D6E30D-A477-413A-A242-8C9D97FC5CE5}.Release|Any CPU.ActiveCfg = Release|Any CPU
		{D4D6E30D-A477-413A-A242-8C9D97FC5CE5}.Release|Any CPU.Build.0 = Release|Any CPU
	EndGlobalSection
	GlobalSection(SolutionProperties) = preSolution
		HideSolutionNode = FALSE
	EndGlobalSection
	GlobalSection(ExtensibilityGlobals) = postSolution
		SolutionGuid = {ABA42B26-47D3-484A-9BF7-248E9EC2B6D1}
	EndGlobalSection
EndGlobal
